github.com/rossmerr/graphblas v0.0.0-20220716125709-b2df641fd0c7 h1:KxA45mCqftZ03DseumwGNYHKhNJmbo60qiS+WRzeMoA=
github.com/rossmerr/graphblas v0.0.0-20220716125709-b2df641fd0c7/go.mod h1:cjYTsgKV62ySB+nKDBslMxRRtJYA0KKfQ66XU0NQ+3A=
github.com/rossmerr/graphblas v0.0.0-20220716171039-bb7fce925647 h1:ybpVaiTzXztHUGfAK4YXnNN4zR8TAKB2ZgTTUGr2YW0=
github.com/rossmerr/graphblas v0.0.0-20220716171039-bb7fce925647/go.mod h1:cjYTsgKV62ySB+nKDBslMxRRtJYA0KKfQ66XU0NQ+3A=
github.com/rossmerr/graphblas v0.0.0-20220716171637-0651bcf005ee h1:Ve2NkOpfyPwapkSpvP3mCV5jP85SCLsSw9/IEqu+Vto=
github.com/rossmerr/graphblas v0.0.0-20220716171637-0651bcf005ee/go.mod h1:cjYTsgKV62ySB+nKDBslMxRRtJYA0KKfQ66XU0NQ+3A=
github.com/rossmerr/graphblas v0.0.0-20220716171949-5249dd0e719b h1:3Qffpr8zJkFJG6B/gtxP4a3MPuOAMh1WB+wfYWeV3JU=
github.com/rossmerr/graphblas v0.0.0-20220716171949-5249dd0e719b/go.mod h1:cjYTsgKV62ySB+nKDBslMxRRtJYA0KKfQ66XU0NQ+3A=
github.com/rossmerr/graphblas v0.0.0-20220716172301-be32ce9e2821 h1:x3qRZ/YLYqmER9w8oz2bpFmgdAShxVthGrtTBuLLU60=
github.com/rossmerr/graphblas v0.0.0-20220716172301-be32ce9e2821/go.mod h1:cjYTsgKV62ySB+nKDBslMxRRtJYA0KKfQ66XU0NQ+3A=
github.com/rossmerr/graphblas v0.0.0-20220717102233-8a46525e1a63 h1:jWxNcJWQCCXseD1GXpeAkHYB+Szwuno7vRPTcF5H1yg=
github.com/rossmerr/graphblas v0.0.0-20220717102233-8a46525e1a63/go.mod h1:cjYTsgKV62ySB+nKDBslMxRRtJYA0KKfQ66XU0NQ+3A=
